
Microsoft Visual Studio Solution File, Format Version 12.00
# Visual Studio 15
VisualStudioVersion = 15.0.27703.2047
MinimumVisualStudioVersion = 10.0.40219.1
Project("{FAE04EC0-301F-11D3-BF4B-00C04F79EFBC}") = "Calculator.ConsoleApp.1.0.0.3", "Calculator.ConsoleApp.1.0.0.3\Calculator.ConsoleApp.1.0.0.3.csproj", "{6634E403-5394-4AA3-8BC2-3B457EC471F8}"
EndProject
Global
	GlobalSection(SolutionConfigurationPlatforms) = preSolution
		Debug|Any CPU = Debug|Any CPU
		Release|Any CPU = Release|Any CPU
	EndGlobalSection
	GlobalSection(ProjectConfigurationPlatforms) = postSolution
		{6634E403-5394-4AA3-8BC2-3B457EC471F8}.Debug|Any CPU.ActiveCfg = Debug|Any CPU
		{6634E403-5394-4AA3-8BC2-3B457EC471F8}.Debug|Any CPU.Build.0 = Debug|Any CPU
		{6634E403-5394-4AA3-8BC2-3B457EC471F8}.Release|Any CPU.ActiveCfg = Release|Any CPU
		{6634E403-5394-4AA3-8BC2-3B457EC471F8}.Release|Any CPU.Build.0 = Release|Any CPU
	EndGlobalSection
	GlobalSection(SolutionProperties) = preSolution
		HideSolutionNode = FALSE
	EndGlobalSection
	GlobalSection(ExtensibilityGlobals) = postSolution
		SolutionGuid = {5EB64562-414D-47AA-9A92-8E1E0D2F6F5E}
	EndGlobalSection
EndGlobal
